
Microsoft Visual Studio Solution File, Format Version 12.00
# Visual Studio Version 17
VisualStudioVersion = 17.4.33205.214
MinimumVisualStudioVersion = 10.0.40219.1
Project("{9A19103F-16F7-4668-BE54-9A1E7A4F7556}") = "MduiBlazor", "MduiBlazor\MduiBlazor.csproj", "{2AA44AFC-F20F-4FB9-A3A7-265595F5290F}"
EndProject
Project("{9A19103F-16F7-4668-BE54-9A1E7A4F7556}") = "MduiBlazor.Shared", "MduiBlazor.Shared\MduiBlazor.Shared.csproj", "{9A785883-930D-49A1-AB2A-43E6FB877690}"
EndProject
Project("{9A19103F-16F7-4668-BE54-9A1E7A4F7556}") = "MduiBlazor.Server", "MduiBlazor.Server\MduiBlazor.Server.csproj", "{C2FD43EB-D651-43EE-97F1-07BA974305DB}"
EndProject
Project("{9A19103F-16F7-4668-BE54-9A1E7A4F7556}") = "MduiBlazor.Client", "MduiBlazor.Client\MduiBlazor.Client.csproj", "{EDFE55A1-263A-4264-8571-32B1E76D4EA8}"
EndProject
Project("{9A19103F-16F7-4668-BE54-9A1E7A4F7556}") = "MduiBlazor.Generators", "MduiBlazor.Generators\MduiBlazor.Generators.csproj", "{A270598E-FD8C-48D4-AA24-09EFD6939110}"
EndProject
Global
	GlobalSection(SolutionConfigurationPlatforms) = preSolution
		Debug|Any CPU = Debug|Any CPU
		Release|Any CPU = Release|Any CPU
	EndGlobalSection
	GlobalSection(ProjectConfigurationPlatforms) = postSolution
		{2AA44AFC-F20F-4FB9-A3A7-265595F5290F}.Debug|Any CPU.ActiveCfg = Debug|Any CPU
		{2AA44AFC-F20F-4FB9-A3A7-265595F5290F}.Debug|Any CPU.Build.0 = Debug|Any CPU
		{2AA44AFC-F20F-4FB9-A3A7-265595F5290F}.Release|Any CPU.ActiveCfg = Release|Any CPU
		{2AA44AFC-F20F-4FB9-A3A7-265595F5290F}.Release|Any CPU.Build.0 = Release|Any CPU
		{9A785883-930D-49A1-AB2A-43E6FB877690}.Debug|Any CPU.ActiveCfg = Debug|Any CPU
		{9A785883-930D-49A1-AB2A-43E6FB877690}.Debug|Any CPU.Build.0 = Debug|Any CPU
		{9A785883-930D-49A1-AB2A-43E6FB877690}.Release|Any CPU.ActiveCfg = Release|Any CPU
		{9A785883-930D-49A1-AB2A-43E6FB877690}.Release|Any CPU.Build.0 = Release|Any CPU
		{C2FD43EB-D651-43EE-97F1-07BA974305DB}.Debug|Any CPU.ActiveCfg = Debug|Any CPU
		{C2FD43EB-D651-43EE-97F1-07BA974305DB}.Debug|Any CPU.Build.0 = Debug|Any CPU
		{C2FD43EB-D651-43EE-97F1-07BA974305DB}.Release|Any CPU.ActiveCfg = Release|Any CPU
		{C2FD43EB-D651-43EE-97F1-07BA974305DB}.Release|Any CPU.Build.0 = Release|Any CPU
		{EDFE55A1-263A-4264-8571-32B1E76D4EA8}.Debug|Any CPU.ActiveCfg = Debug|Any CPU
		{EDFE55A1-263A-4264-8571-32B1E76D4EA8}.Debug|Any CPU.Build.0 = Debug|Any CPU
		{EDFE55A1-263A-4264-8571-32B1E76D4EA8}.Release|Any CPU.ActiveCfg = Release|Any CPU
		{EDFE55A1-263A-4264-8571-32B1E76D4EA8}.Release|Any CPU.Build.0 = Release|Any CPU
		{A270598E-FD8C-48D4-AA24-09EFD6939110}.Debug|Any CPU.ActiveCfg = Debug|Any CPU
		{A270598E-FD8C-48D4-AA24-09EFD6939110}.Debug|Any CPU.Build.0 = Debug|Any CPU
		{A270598E-FD8C-48D4-AA24-09EFD6939110}.Release|Any CPU.ActiveCfg = Release|Any CPU
		{A270598E-FD8C-48D4-AA24-09EFD6939110}.Release|Any CPU.Build.0 = Release|Any CPU
	EndGlobalSection
	GlobalSection(SolutionProperties) = preSolution
		HideSolutionNode = FALSE
	EndGlobalSection
	GlobalSection(ExtensibilityGlobals) = postSolution
		SolutionGuid = {2733C6C8-D4C7-4645-9709-D2BF2E5DB30B}
	EndGlobalSection
EndGlobal
